
Microsoft Visual Studio Solution File, Format Version 12.00
# Visual Studio Version 17
VisualStudioVersion = 17.14.36310.24 d17.14
MinimumVisualStudioVersion = 10.0.40219.1
Project("{FAE04EC0-301F-11D3-BF4B-00C04F79EFBC}") = "ConsoleApp5", "ConsoleApp5\ConsoleApp5.csproj", "{B5137443-F432-4F89-AEC6-E3AA61F66EB6}"
EndProject
Global
	GlobalSection(SolutionConfigurationPlatforms) = preSolution
		Debug|Any CPU = Debug|Any CPU
		Release|Any CPU = Release|Any CPU
	EndGlobalSection
	GlobalSection(ProjectConfigurationPlatforms) = postSolution
		{B5137443-F432-4F89-AEC6-E3AA61F66EB6}.Debug|Any CPU.ActiveCfg = Debug|Any CPU
		{B5137443-F432-4F89-AEC6-E3AA61F66EB6}.Debug|Any CPU.Build.0 = Debug|Any CPU
		{B5137443-F432-4F89-AEC6-E3AA61F66EB6}.Release|Any CPU.ActiveCfg = Release|Any CPU
		{B5137443-F432-4F89-AEC6-E3AA61F66EB6}.Release|Any CPU.Build.0 = Release|Any CPU
	EndGlobalSection
	GlobalSection(SolutionProperties) = preSolution
		HideSolutionNode = FALSE
	EndGlobalSection
	GlobalSection(ExtensibilityGlobals) = postSolution
		SolutionGuid = {7F899461-76EE-4CAD-98E5-38CAD602AFC0}
	EndGlobalSection
EndGlobal
